
Microsoft Visual Studio Solution File, Format Version 12.00
# Visual Studio 14
VisualStudioVersion = 14.0.25420.1
MinimumVisualStudioVersion = 10.0.40219.1
Project("{8BC9CEB8-8B4A-11D0-8D11-00A0C91BC942}") = "ConsoleApplication4", "ConsoleApplication4\ConsoleApplication4.vcxproj", "{D70E6E00-63B1-4AE0-834B-DF15C2432E3A}"
EndProject
Project("{8BC9CEB8-8B4A-11D0-8D11-00A0C91BC942}") = "unit-test", "unit-test\unit-test.vcxproj", "{509299BB-5B20-4DD3-89EE-E590F99D6DBE}"
EndProject
Project("{8BC9CEB8-8B4A-11D0-8D11-00A0C91BC942}") = "ConsolePatterns", "ConsolePatterns\ConsolePatterns.vcxproj", "{BC2DDE29-B5A4-4F8E-B0D0-7EDF0627962E}"
EndProject
Project("{8BC9CEB8-8B4A-11D0-8D11-00A0C91BC942}") = "SamplesWin32API", "SamplesWin32API\SamplesWin32API.vcxproj", "{00CA10CB-9A52-47A9-A22F-D9A80EBFE2F1}"
EndProject
Global
	GlobalSection(SolutionConfigurationPlatforms) = preSolution
		Debug|x64 = Debug|x64
		Debug|x86 = Debug|x86
		Release|x64 = Release|x64
		Release|x86 = Release|x86
	EndGlobalSection
	GlobalSection(ProjectConfigurationPlatforms) = postSolution
		{D70E6E00-63B1-4AE0-834B-DF15C2432E3A}.Debug|x64.ActiveCfg = Debug|x64
		{D70E6E00-63B1-4AE0-834B-DF15C2432E3A}.Debug|x64.Build.0 = Debug|x64
		{D70E6E00-63B1-4AE0-834B-DF15C2432E3A}.Debug|x86.ActiveCfg = Debug|Win32
		{D70E6E00-63B1-4AE0-834B-DF15C2432E3A}.Debug|x86.Build.0 = Debug|Win32
		{D70E6E00-63B1-4AE0-834B-DF15C2432E3A}.Release|x64.ActiveCfg = Release|x64
		{D70E6E00-63B1-4AE0-834B-DF15C2432E3A}.Release|x64.Build.0 = Release|x64
		{D70E6E00-63B1-4AE0-834B-DF15C2432E3A}.Release|x86.ActiveCfg = Release|Win32
		{D70E6E00-63B1-4AE0-834B-DF15C2432E3A}.Release|x86.Build.0 = Release|Win32
		{509299BB-5B20-4DD3-89EE-E590F99D6DBE}.Debug|x64.ActiveCfg = Debug|x64
		{509299BB-5B20-4DD3-89EE-E590F99D6DBE}.Debug|x64.Build.0 = Debug|x64
		{509299BB-5B20-4DD3-89EE-E590F99D6DBE}.Debug|x86.ActiveCfg = Debug|Win32
		{509299BB-5B20-4DD3-89EE-E590F99D6DBE}.Debug|x86.Build.0 = Debug|Win32
		{509299BB-5B20-4DD3-89EE-E590F99D6DBE}.Release|x64.ActiveCfg = Release|x64
		{509299BB-5B20-4DD3-89EE-E590F99D6DBE}.Release|x64.Build.0 = Release|x64
		{509299BB-5B20-4DD3-89EE-E590F99D6DBE}.Release|x86.ActiveCfg = Release|Win32
		{509299BB-5B20-4DD3-89EE-E590F99D6DBE}.Release|x86.Build.0 = Release|Win32
		{BC2DDE29-B5A4-4F8E-B0D0-7EDF0627962E}.Debug|x64.ActiveCfg = Debug|x64
		{BC2DDE29-B5A4-4F8E-B0D0-7EDF0627962E}.Debug|x64.Build.0 = Debug|x64
		{BC2DDE29-B5A4-4F8E-B0D0-7EDF0627962E}.Debug|x86.ActiveCfg = Debug|Win32
		{BC2DDE29-B5A4-4F8E-B0D0-7EDF0627962E}.Debug|x86.Build.0 = Debug|Win32
		{BC2DDE29-B5A4-4F8E-B0D0-7EDF0627962E}.Release|x64.ActiveCfg = Release|x64
		{BC2DDE29-B5A4-4F8E-B0D0-7EDF0627962E}.Release|x64.Build.0 = Release|x64
		{BC2DDE29-B5A4-4F8E-B0D0-7EDF0627962E}.Release|x86.ActiveCfg = Release|Win32
		{BC2DDE29-B5A4-4F8E-B0D0-7EDF0627962E}.Release|x86.Build.0 = Release|Win32
		{00CA10CB-9A52-47A9-A22F-D9A80EBFE2F1}.Debug|x64.ActiveCfg = Debug|x64
		{00CA10CB-9A52-47A9-A22F-D9A80EBFE2F1}.Debug|x64.Build.0 = Debug|x64
		{00CA10CB-9A52-47A9-A22F-D9A80EBFE2F1}.Debug|x86.ActiveCfg = Debug|Win32
		{00CA10CB-9A52-47A9-A22F-D9A80EBFE2F1}.Debug|x86.Build.0 = Debug|Win32
		{00CA10CB-9A52-47A9-A22F-D9A80EBFE2F1}.Release|x64.ActiveCfg = Release|x64
		{00CA10CB-9A52-47A9-A22F-D9A80EBFE2F1}.Release|x64.Build.0 = Release|x64
		{00CA10CB-9A52-47A9-A22F-D9A80EBFE2F1}.Release|x86.ActiveCfg = Release|Win32
		{00CA10CB-9A52-47A9-A22F-D9A80EBFE2F1}.Release|x86.Build.0 = Release|Win32
	EndGlobalSection
	GlobalSection(SolutionProperties) = preSolution
		HideSolutionNode = FALSE
	EndGlobalSection
EndGlobal
